
Microsoft Visual Studio Solution File, Format Version 12.00
# Visual Studio Version 17
VisualStudioVersion = 17.0.31903.59
MinimumVisualStudioVersion = 10.0.40219.1
Project("{FAE04EC0-301F-11D3-BF4B-00C04F79EFBC}") = "Lab4", "Lab4\Lab4.csproj", "{175C697B-B677-4A6A-8C51-9E9B5A5FAA1A}"
EndProject
Global
	GlobalSection(SolutionConfigurationPlatforms) = preSolution
		Debug|Any CPU = Debug|Any CPU
		Release|Any CPU = Release|Any CPU
	EndGlobalSection
	GlobalSection(ProjectConfigurationPlatforms) = postSolution
		{175C697B-B677-4A6A-8C51-9E9B5A5FAA1A}.Debug|Any CPU.ActiveCfg = Debug|Any CPU
		{175C697B-B677-4A6A-8C51-9E9B5A5FAA1A}.Debug|Any CPU.Build.0 = Debug|Any CPU
		{175C697B-B677-4A6A-8C51-9E9B5A5FAA1A}.Release|Any CPU.ActiveCfg = Release|Any CPU
		{175C697B-B677-4A6A-8C51-9E9B5A5FAA1A}.Release|Any CPU.Build.0 = Release|Any CPU
	EndGlobalSection
	GlobalSection(SolutionProperties) = preSolution
		HideSolutionNode = FALSE
	EndGlobalSection
	GlobalSection(ExtensibilityGlobals) = postSolution
		SolutionGuid = {14B8BBBC-4C60-46EE-BF0D-5285BC571EEA}
	EndGlobalSection
EndGlobal
